
Microsoft Visual Studio Solution File, Format Version 12.00
# Visual Studio Version 16
VisualStudioVersion = 16.0.29613.14
MinimumVisualStudioVersion = 10.0.40219.1
Project("{9A19103F-16F7-4668-BE54-9A1E7A4F7556}") = "Emby.Plugins.JavScraper", "Emby.Plugins.JavScraper\Emby.Plugins.JavScraper.csproj", "{F2860322-0D9E-4BB5-A9FD-0369E8DD4682}"
EndProject
Project("{2150E333-8FDC-42A3-9474-1A3956D46DE8}") = "Solution Items", "Solution Items", "{E49B9616-42B7-42B1-BAA3-4309CA43B907}"
	ProjectSection(SolutionItems) = preProject
		README.md = README.md
	EndProjectSection
EndProject
Project("{2150E333-8FDC-42A3-9474-1A3956D46DE8}") = "cf-worker", "cf-worker", "{6B97EC77-09C9-4DB6-BA33-8467CE359722}"
	ProjectSection(SolutionItems) = preProject
		cf-worker\index.js = cf-worker\index.js
		cf-worker\README.md = cf-worker\README.md
	EndProjectSection
EndProject
Project("{9A19103F-16F7-4668-BE54-9A1E7A4F7556}") = "Emby.Actress", "Emby.Actress\Emby.Actress.csproj", "{021E218A-7852-4CE5-96A7-91CB23F9F0F3}"
EndProject
Project("{FAE04EC0-301F-11D3-BF4B-00C04F79EFBC}") = "Jellyfin.GenerateConfigurationPage", "Jellyfin.GenerateConfigurationPage\Jellyfin.GenerateConfigurationPage.csproj", "{B348470A-327C-4A31-B1D2-DE92A2EAD9D9}"
EndProject
Global
	GlobalSection(SolutionConfigurationPlatforms) = preSolution
		Debug.Jellyfin|Any CPU = Debug.Jellyfin|Any CPU
		Debug|Any CPU = Debug|Any CPU
		Release.Jellyfin|Any CPU = Release.Jellyfin|Any CPU
		Release|Any CPU = Release|Any CPU
	EndGlobalSection
	GlobalSection(ProjectConfigurationPlatforms) = postSolution
		{F2860322-0D9E-4BB5-A9FD-0369E8DD4682}.Debug.Jellyfin|Any CPU.ActiveCfg = Debug.Jellyfin|Any CPU
		{F2860322-0D9E-4BB5-A9FD-0369E8DD4682}.Debug.Jellyfin|Any CPU.Build.0 = Debug.Jellyfin|Any CPU
		{F2860322-0D9E-4BB5-A9FD-0369E8DD4682}.Debug|Any CPU.ActiveCfg = Debug|Any CPU
		{F2860322-0D9E-4BB5-A9FD-0369E8DD4682}.Debug|Any CPU.Build.0 = Debug|Any CPU
		{F2860322-0D9E-4BB5-A9FD-0369E8DD4682}.Release.Jellyfin|Any CPU.ActiveCfg = Release.Jellyfin|Any CPU
		{F2860322-0D9E-4BB5-A9FD-0369E8DD4682}.Release.Jellyfin|Any CPU.Build.0 = Release.Jellyfin|Any CPU
		{F2860322-0D9E-4BB5-A9FD-0369E8DD4682}.Release|Any CPU.ActiveCfg = Release|Any CPU
		{F2860322-0D9E-4BB5-A9FD-0369E8DD4682}.Release|Any CPU.Build.0 = Release|Any CPU
		{021E218A-7852-4CE5-96A7-91CB23F9F0F3}.Debug.Jellyfin|Any CPU.ActiveCfg = Debug.Jellyfin|Any CPU
		{021E218A-7852-4CE5-96A7-91CB23F9F0F3}.Debug.Jellyfin|Any CPU.Build.0 = Debug.Jellyfin|Any CPU
		{021E218A-7852-4CE5-96A7-91CB23F9F0F3}.Debug|Any CPU.ActiveCfg = Debug|Any CPU
		{021E218A-7852-4CE5-96A7-91CB23F9F0F3}.Debug|Any CPU.Build.0 = Debug|Any CPU
		{021E218A-7852-4CE5-96A7-91CB23F9F0F3}.Release.Jellyfin|Any CPU.ActiveCfg = Release.Jellyfin|Any CPU
		{021E218A-7852-4CE5-96A7-91CB23F9F0F3}.Release.Jellyfin|Any CPU.Build.0 = Release.Jellyfin|Any CPU
		{021E218A-7852-4CE5-96A7-91CB23F9F0F3}.Release|Any CPU.ActiveCfg = Release|Any CPU
		{021E218A-7852-4CE5-96A7-91CB23F9F0F3}.Release|Any CPU.Build.0 = Release|Any CPU
		{B348470A-327C-4A31-B1D2-DE92A2EAD9D9}.Debug.Jellyfin|Any CPU.ActiveCfg = Debug|Any CPU
		{B348470A-327C-4A31-B1D2-DE92A2EAD9D9}.Debug.Jellyfin|Any CPU.Build.0 = Debug|Any CPU
		{B348470A-327C-4A31-B1D2-DE92A2EAD9D9}.Debug|Any CPU.ActiveCfg = Debug|Any CPU
		{B348470A-327C-4A31-B1D2-DE92A2EAD9D9}.Debug|Any CPU.Build.0 = Debug|Any CPU
		{B348470A-327C-4A31-B1D2-DE92A2EAD9D9}.Release.Jellyfin|Any CPU.ActiveCfg = Release|Any CPU
		{B348470A-327C-4A31-B1D2-DE92A2EAD9D9}.Release.Jellyfin|Any CPU.Build.0 = Release|Any CPU
		{B348470A-327C-4A31-B1D2-DE92A2EAD9D9}.Release|Any CPU.ActiveCfg = Release|Any CPU
		{B348470A-327C-4A31-B1D2-DE92A2EAD9D9}.Release|Any CPU.Build.0 = Release|Any CPU
	EndGlobalSection
	GlobalSection(SolutionProperties) = preSolution
		HideSolutionNode = FALSE
	EndGlobalSection
	GlobalSection(ExtensibilityGlobals) = postSolution
		SolutionGuid = {3D521EEA-625C-49C5-8211-C165082747FD}
	EndGlobalSection
EndGlobal
