Microsoft Visual Studio Solution File, Format Version 12.00
# Visual Studio Version 17
VisualStudioVersion = 17.2.32516.85
MinimumVisualStudioVersion = 10.0.40219.1
Project("{9A19103F-16F7-4668-BE54-9A1E7A4F7556}") = "Jellyfin.Plugin.JavScraper", "Jellyfin.Plugin.JavScraper\Jellyfin.Plugin.JavScraper.csproj", "{D921B930-CF91-406F-ACBC-08914DCD0D34}"
EndProject
Project("{9A19103F-16F7-4668-BE54-9A1E7A4F7556}") = "Jellyfin.Plugin.JavScraper.Test", "Jellyfin.Plugin.JavScraper.Test\Jellyfin.Plugin.JavScraper.Test.csproj", "{ECAF9987-E3BE-44DD-97BC-B4020845017C}"
EndProject
Global
	GlobalSection(SolutionConfigurationPlatforms) = preSolution
		Debug|Any CPU = Debug|Any CPU
		Debug|x64 = Debug|x64
		Debug|x86 = Debug|x86
		Release|Any CPU = Release|Any CPU
		Release|x64 = Release|x64
		Release|x86 = Release|x86
	EndGlobalSection
	GlobalSection(ProjectConfigurationPlatforms) = postSolution
		{D921B930-CF91-406F-ACBC-08914DCD0D34}.Debug|Any CPU.ActiveCfg = Debug|Any CPU
		{D921B930-CF91-406F-ACBC-08914DCD0D34}.Debug|Any CPU.Build.0 = Debug|Any CPU
		{D921B930-CF91-406F-ACBC-08914DCD0D34}.Debug|x64.ActiveCfg = Debug|Any CPU
		{D921B930-CF91-406F-ACBC-08914DCD0D34}.Debug|x64.Build.0 = Debug|Any CPU
		{D921B930-CF91-406F-ACBC-08914DCD0D34}.Debug|x86.ActiveCfg = Debug|x86
		{D921B930-CF91-406F-ACBC-08914DCD0D34}.Debug|x86.Build.0 = Debug|x86
		{D921B930-CF91-406F-ACBC-08914DCD0D34}.Release|Any CPU.ActiveCfg = Release|Any CPU
		{D921B930-CF91-406F-ACBC-08914DCD0D34}.Release|Any CPU.Build.0 = Release|Any CPU
		{D921B930-CF91-406F-ACBC-08914DCD0D34}.Release|x64.ActiveCfg = Release|Any CPU
		{D921B930-CF91-406F-ACBC-08914DCD0D34}.Release|x64.Build.0 = Release|Any CPU
		{D921B930-CF91-406F-ACBC-08914DCD0D34}.Release|x86.ActiveCfg = Release|x86
		{D921B930-CF91-406F-ACBC-08914DCD0D34}.Release|x86.Build.0 = Release|x86
		{9C9CEBC2-AADB-4466-863C-9E3324225DFC}.Debug|Any CPU.ActiveCfg = Release|x64
		{9C9CEBC2-AADB-4466-863C-9E3324225DFC}.Debug|x64.ActiveCfg = Release|x64
		{9C9CEBC2-AADB-4466-863C-9E3324225DFC}.Debug|x86.ActiveCfg = Release|x64
		{9C9CEBC2-AADB-4466-863C-9E3324225DFC}.Release|Any CPU.ActiveCfg = Release|x64
		{9C9CEBC2-AADB-4466-863C-9E3324225DFC}.Release|x64.ActiveCfg = Release|x64
		{9C9CEBC2-AADB-4466-863C-9E3324225DFC}.Release|x86.ActiveCfg = Release|x64
		{ECAF9987-E3BE-44DD-97BC-B4020845017C}.Debug|Any CPU.ActiveCfg = Debug|Any CPU
		{ECAF9987-E3BE-44DD-97BC-B4020845017C}.Debug|Any CPU.Build.0 = Debug|Any CPU
		{ECAF9987-E3BE-44DD-97BC-B4020845017C}.Debug|x64.ActiveCfg = Debug|Any CPU
		{ECAF9987-E3BE-44DD-97BC-B4020845017C}.Debug|x64.Build.0 = Debug|Any CPU
		{ECAF9987-E3BE-44DD-97BC-B4020845017C}.Debug|x86.ActiveCfg = Debug|Any CPU
		{ECAF9987-E3BE-44DD-97BC-B4020845017C}.Debug|x86.Build.0 = Debug|Any CPU
		{ECAF9987-E3BE-44DD-97BC-B4020845017C}.Release|Any CPU.ActiveCfg = Release|Any CPU
		{ECAF9987-E3BE-44DD-97BC-B4020845017C}.Release|Any CPU.Build.0 = Release|Any CPU
		{ECAF9987-E3BE-44DD-97BC-B4020845017C}.Release|x64.ActiveCfg = Release|Any CPU
		{ECAF9987-E3BE-44DD-97BC-B4020845017C}.Release|x64.Build.0 = Release|Any CPU
		{ECAF9987-E3BE-44DD-97BC-B4020845017C}.Release|x86.ActiveCfg = Release|Any CPU
		{ECAF9987-E3BE-44DD-97BC-B4020845017C}.Release|x86.Build.0 = Release|Any CPU
	EndGlobalSection
	GlobalSection(SolutionProperties) = preSolution
		HideSolutionNode = FALSE
	EndGlobalSection
	GlobalSection(ExtensibilityGlobals) = postSolution
		SolutionGuid = {2B01E379-9A04-4258-A923-8908D0C187C3}
	EndGlobalSection
EndGlobal
